// !$*UTF8*$!
{
	archiveVersion = 1;
	classes = {
	};
	objectVersion = 55;
	objects = {

/* Begin PBXBuildFile section */
		8D6B39D428A9811600BF22CA /* AppDelegate.swift in Sources */ = {isa = PBXBuildFile; fileRef = 8D6B39D328A9811600BF22CA /* AppDelegate.swift */; };
		8D6B39D628A9811600BF22CA /* SceneDelegate.swift in Sources */ = {isa = PBXBuildFile; fileRef = 8D6B39D528A9811600BF22CA /* SceneDelegate.swift */; };
		8D6B39D828A9811600BF22CA /* MainViewController.swift in Sources */ = {isa = PBXBuildFile; fileRef = 8D6B39D728A9811600BF22CA /* MainViewController.swift */; };
		8D6B39DE28A9811600BF22CA /* UsersInfo.xcdatamodeld in Sources */ = {isa = PBXBuildFile; fileRef = 8D6B39DC28A9811600BF22CA /* UsersInfo.xcdatamodeld */; };
		8D6B39E028A9811600BF22CA /* Assets.xcassets in Resources */ = {isa = PBXBuildFile; fileRef = 8D6B39DF28A9811600BF22CA /* Assets.xcassets */; };
		8D6B39E328A9811600BF22CA /* LaunchScreen.storyboard in Resources */ = {isa = PBXBuildFile; fileRef = 8D6B39E128A9811600BF22CA /* LaunchScreen.storyboard */; };
		8D6B39EB28AC149800BF22CA /* InfoUsersViewController.swift in Sources */ = {isa = PBXBuildFile; fileRef = 8D6B39EA28AC149800BF22CA /* InfoUsersViewController.swift */; };
		8D6B39EF28AC23C400BF22CA /* UsersModel.swift in Sources */ = {isa = PBXBuildFile; fileRef = 8D6B39EE28AC23C400BF22CA /* UsersModel.swift */; };
		8D6B39F328AD659400BF22CA /* Resources.swift in Sources */ = {isa = PBXBuildFile; fileRef = 8D6B39F228AD659400BF22CA /* Resources.swift */; };
/* End PBXBuildFile section */

/* Begin PBXFileReference section */
		8D6B39D028A9811600BF22CA /* UsersInfo.app */ = {isa = PBXFileReference; explicitFileType = wrapper.application; includeInIndex = 0; path = UsersInfo.app; sourceTree = BUILT_PRODUCTS_DIR; };
		8D6B39D328A9811600BF22CA /* AppDelegate.swift */ = {isa = PBXFileReference; lastKnownFileType = sourcecode.swift; path = AppDelegate.swift; sourceTree = "<group>"; };
		8D6B39D528A9811600BF22CA /* SceneDelegate.swift */ = {isa = PBXFileReference; lastKnownFileType = sourcecode.swift; path = SceneDelegate.swift; sourceTree = "<group>"; };
		8D6B39D728A9811600BF22CA /* MainViewController.swift */ = {isa = PBXFileReference; lastKnownFileType = sourcecode.swift; path = MainViewController.swift; sourceTree = "<group>"; };
		8D6B39DD28A9811600BF22CA /* UsersInfo.xcdatamodel */ = {isa = PBXFileReference; lastKnownFileType = wrapper.xcdatamodel; path = UsersInfo.xcdatamodel; sourceTree = "<group>"; };
		8D6B39DF28A9811600BF22CA /* Assets.xcassets */ = {isa = PBXFileReference; lastKnownFileType = folder.assetcatalog; path = Assets.xcassets; sourceTree = "<group>"; };
		8D6B39E228A9811600BF22CA /* Base */ = {isa = PBXFileReference; lastKnownFileType = file.storyboard; name = Base; path = Base.lproj/LaunchScreen.storyboard; sourceTree = "<group>"; };
		8D6B39E428A9811600BF22CA /* Info.plist */ = {isa = PBXFileReference; lastKnownFileType = text.plist.xml; path = Info.plist; sourceTree = "<group>"; };
		8D6B39EA28AC149800BF22CA /* InfoUsersViewController.swift */ = {isa = PBXFileReference; lastKnownFileType = sourcecode.swift; path = InfoUsersViewController.swift; sourceTree = "<group>"; };
		8D6B39EE28AC23C400BF22CA /* UsersModel.swift */ = {isa = PBXFileReference; lastKnownFileType = sourcecode.swift; path = UsersModel.swift; sourceTree = "<group>"; };
		8D6B39F228AD659400BF22CA /* Resources.swift */ = {isa = PBXFileReference; lastKnownFileType = sourcecode.swift; path = Resources.swift; sourceTree = "<group>"; };
/* End PBXFileReference section */

/* Begin PBXFrameworksBuildPhase section */
		8D6B39CD28A9811600BF22CA /* Frameworks */ = {
			isa = PBXFrameworksBuildPhase;
			buildActionMask = 2147483647;
			files = (
			);
			runOnlyForDeploymentPostprocessing = 0;
		};
/* End PBXFrameworksBuildPhase section */

/* Begin PBXGroup section */
		8D6B39C728A9811600BF22CA = {
			isa = PBXGroup;
			children = (
				8D6B39D228A9811600BF22CA /* UsersInfo */,
				8D6B39D128A9811600BF22CA /* Products */,
			);
			sourceTree = "<group>";
		};
		8D6B39D128A9811600BF22CA /* Products */ = {
			isa = PBXGroup;
			children = (
				8D6B39D028A9811600BF22CA /* UsersInfo.app */,
			);
			name = Products;
			sourceTree = "<group>";
		};
		8D6B39D228A9811600BF22CA /* UsersInfo */ = {
			isa = PBXGroup;
			children = (
				8D6B39F128AD624C00BF22CA /* InfoUsersModule */,
				8D6B39F028AD622E00BF22CA /* MainModule */,
				8D6B39EE28AC23C400BF22CA /* UsersModel.swift */,
				8D6B39DF28A9811600BF22CA /* Assets.xcassets */,
				8D6B39E128A9811600BF22CA /* LaunchScreen.storyboard */,
				8D6B39E428A9811600BF22CA /* Info.plist */,
				8D6B39DC28A9811600BF22CA /* UsersInfo.xcdatamodeld */,
			);
			path = UsersInfo;
			sourceTree = "<group>";
		};
		8D6B39F028AD622E00BF22CA /* MainModule */ = {
			isa = PBXGroup;
			children = (
				8D6B39D328A9811600BF22CA /* AppDelegate.swift */,
				8D6B39D528A9811600BF22CA /* SceneDelegate.swift */,
				8D6B39D728A9811600BF22CA /* MainViewController.swift */,
			);
			path = MainModule;
			sourceTree = "<group>";
		};
		8D6B39F128AD624C00BF22CA /* InfoUsersModule */ = {
			isa = PBXGroup;
			children = (
				8D6B39EA28AC149800BF22CA /* InfoUsersViewController.swift */,
				8D6B39F228AD659400BF22CA /* Resources.swift */,
			);
			path = InfoUsersModule;
			sourceTree = "<group>";
		};
/* End PBXGroup section */

/* Begin PBXNativeTarget section */
		8D6B39CF28A9811600BF22CA /* UsersInfo */ = {
			isa = PBXNativeTarget;
			buildConfigurationList = 8D6B39E728A9811600BF22CA /* Build configuration list for PBXNativeTarget "UsersInfo" */;
			buildPhases = (
				8D6B39CC28A9811600BF22CA /* Sources */,
				8D6B39CD28A9811600BF22CA /* Frameworks */,
				8D6B39CE28A9811600BF22CA /* Resources */,
			);
			buildRules = (
			);
			dependencies = (
			);
			name = UsersInfo;
			productName = UsersInfo;
			productReference = 8D6B39D028A9811600BF22CA /* UsersInfo.app */;
			productType = "com.apple.product-type.application";
		};
/* End PBXNativeTarget section */

/* Begin PBXProject section */
		8D6B39C828A9811600BF22CA /* Project object */ = {
			isa = PBXProject;
			attributes = {
				BuildIndependentTargetsInParallel = 1;
				LastSwiftUpdateCheck = 1340;
				LastUpgradeCheck = 1340;
				TargetAttributes = {
					8D6B39CF28A9811600BF22CA = {
						CreatedOnToolsVersion = 13.4.1;
					};
				};
			};
			buildConfigurationList = 8D6B39CB28A9811600BF22CA /* Build configuration list for PBXProject "UsersInfo" */;
			compatibilityVersion = "Xcode 13.0";
			developmentRegion = en;
			hasScannedForEncodings = 0;
			knownRegions = (
				en,
				Base,
			);
			mainGroup = 8D6B39C728A9811600BF22CA;
			productRefGroup = 8D6B39D128A9811600BF22CA /* Products */;
			projectDirPath = "";
			projectRoot = "";
			targets = (
				8D6B39CF28A9811600BF22CA /* UsersInfo */,
			);
		};
/* End PBXProject section */

/* Begin PBXResourcesBuildPhase section */
		8D6B39CE28A9811600BF22CA /* Resources */ = {
			isa = PBXResourcesBuildPhase;
			buildActionMask = 2147483647;
			files = (
				8D6B39E328A9811600BF22CA /* LaunchScreen.storyboard in Resources */,
				8D6B39E028A9811600BF22CA /* Assets.xcassets in Resources */,
			);
			runOnlyForDeploymentPostprocessing = 0;
		};
/* End PBXResourcesBuildPhase section */

/* Begin PBXSourcesBuildPhase section */
		8D6B39CC28A9811600BF22CA /* Sources */ = {
			isa = PBXSourcesBuildPhase;
			buildActionMask = 2147483647;
			files = (
				8D6B39DE28A9811600BF22CA /* UsersInfo.xcdatamodeld in Sources */,
				8D6B39D828A9811600BF22CA /* MainViewController.swift in Sources */,
				8D6B39F328AD659400BF22CA /* Resources.swift in Sources */,
				8D6B39EF28AC23C400BF22CA /* UsersModel.swift in Sources */,
				8D6B39EB28AC149800BF22CA /* InfoUsersViewController.swift in Sources */,
				8D6B39D428A9811600BF22CA /* AppDelegate.swift in Sources */,
				8D6B39D628A9811600BF22CA /* SceneDelegate.swift in Sources */,
			);
			runOnlyForDeploymentPostprocessing = 0;
		};
/* End PBXSourcesBuildPhase section */

/* Begin PBXVariantGroup section */
		8D6B39E128A9811600BF22CA /* LaunchScreen.storyboard */ = {
			isa = PBXVariantGroup;
			children = (
				8D6B39E228A9811600BF22CA /* Base */,
			);
			name = LaunchScreen.storyboard;
			sourceTree = "<group>";
		};
/* End PBXVariantGroup section */

/* Begin XCBuildConfiguration section */
		8D6B39E528A9811600BF22CA /* Debug */ = {
			isa = XCBuildConfiguration;
			buildSettings = {
				ALWAYS_SEARCH_USER_PATHS = NO;
				CLANG_ANALYZER_NONNULL = YES;
				CLANG_ANALYZER_NUMBER_OBJECT_CONVERSION = YES_AGGRESSIVE;
				CLANG_CXX_LANGUAGE_STANDARD = "gnu++17";
				CLANG_ENABLE_MODULES = YES;
				CLANG_ENABLE_OBJC_ARC = YES;
				CLANG_ENABLE_OBJC_WEAK = YES;
				CLANG_WARN_BLOCK_CAPTURE_AUTORELEASING = YES;
				CLANG_WARN_BOOL_CONVERSION = YES;
				CLANG_WARN_COMMA = YES;
				CLANG_WARN_CONSTANT_CONVERSION = YES;
				CLANG_WARN_DEPRECATED_OBJC_IMPLEMENTATIONS = YES;
				CLANG_WARN_DIRECT_OBJC_ISA_USAGE = YES_ERROR;
				CLANG_WARN_DOCUMENTATION_COMMENTS = YES;
				CLANG_WARN_EMPTY_BODY = YES;
				CLANG_WARN_ENUM_CONVERSION = YES;
				CLANG_WARN_INFINITE_RECURSION = YES;
				CLANG_WARN_INT_CONVERSION = YES;
				CLANG_WARN_NON_LITERAL_NULL_CONVERSION = YES;
				CLANG_WARN_OBJC_IMPLICIT_RETAIN_SELF = YES;
				CLANG_WARN_OBJC_LITERAL_CONVERSION = YES;
				CLANG_WARN_OBJC_ROOT_CLASS = YES_ERROR;
				CLANG_WARN_QUOTED_INCLUDE_IN_FRAMEWORK_HEADER = YES;
				CLANG_WARN_RANGE_LOOP_ANALYSIS = YES;
				CLANG_WARN_STRICT_PROTOTYPES = YES;
				CLANG_WARN_SUSPICIOUS_MOVE = YES;
				CLANG_WARN_UNGUARDED_AVAILABILITY = YES_AGGRESSIVE;
				CLANG_WARN_UNREACHABLE_CODE = YES;
				CLANG_WARN__DUPLICATE_METHOD_MATCH = YES;
				COPY_PHASE_STRIP = NO;
				DEBUG_INFORMATION_FORMAT = dwarf;
				ENABLE_STRICT_OBJC_MSGSEND = YES;
				ENABLE_TESTABILITY = YES;
				GCC_C_LANGUAGE_STANDARD = gnu11;
				GCC_DYNAMIC_NO_PIC = NO;
				GCC_NO_COMMON_BLOCKS = YES;
				GCC_OPTIMIZATION_LEVEL = 0;
				GCC_PREPROCESSOR_DEFINITIONS = (
					"DEBUG=1",
					"$(inherited)",
				);
				GCC_WARN_64_TO_32_BIT_CONVERSION = YES;
				GCC_WARN_ABOUT_RETURN_TYPE = YES_ERROR;
				GCC_WARN_UNDECLARED_SELECTOR = YES;
				GCC_WARN_UNINITIALIZED_AUTOS = YES_AGGRESSIVE;
				GCC_WARN_UNUSED_FUNCTION = YES;
				GCC_WARN_UNUSED_VARIABLE = YES;
				IPHONEOS_DEPLOYMENT_TARGET = 15.5;
				MTL_ENABLE_DEBUG_INFO = INCLUDE_SOURCE;
				MTL_FAST_MATH = YES;
				ONLY_ACTIVE_ARCH = YES;
				SDKROOT = iphoneos;
				SWIFT_ACTIVE_COMPILATION_CONDITIONS = DEBUG;
				SWIFT_OPTIMIZATION_LEVEL = "-Onone";
			};
			name = Debug;
		};
		8D6B39E628A9811600BF22CA /* Release */ = {
			isa = XCBuildConfiguration;
			buildSettings = {
				ALWAYS_SEARCH_USER_PATHS = NO;
				CLANG_ANALYZER_NONNULL = YES;
				CLANG_ANALYZER_NUMBER_OBJECT_CONVERSION = YES_AGGRESSIVE;
				CLANG_CXX_LANGUAGE_STANDARD = "gnu++17";
				CLANG_ENABLE_MODULES = YES;
				CLANG_ENABLE_OBJC_ARC = YES;
				CLANG_ENABLE_OBJC_WEAK = YES;
				CLANG_WARN_BLOCK_CAPTURE_AUTORELEASING = YES;
				CLANG_WARN_BOOL_CONVERSION = YES;
				CLANG_WARN_COMMA = YES;
				CLANG_WARN_CONSTANT_CONVERSION = YES;
				CLANG_WARN_DEPRECATED_OBJC_IMPLEMENTATIONS = YES;
				CLANG_WARN_DIRECT_OBJC_ISA_USAGE = YES_ERROR;
				CLANG_WARN_DOCUMENTATION_COMMENTS = YES;
				CLANG_WARN_EMPTY_BODY = YES;
				CLANG_WARN_ENUM_CONVERSION = YES;
				CLANG_WARN_INFINITE_RECURSION = YES;
				CLANG_WARN_INT_CONVERSION = YES;
				CLANG_WARN_NON_LITERAL_NULL_CONVERSION = YES;
				CLANG_WARN_OBJC_IMPLICIT_RETAIN_SELF = YES;
				CLANG_WARN_OBJC_LITERAL_CONVERSION = YES;
				CLANG_WARN_OBJC_ROOT_CLASS = YES_ERROR;
				CLANG_WARN_QUOTED_INCLUDE_IN_FRAMEWORK_HEADER = YES;
				CLANG_WARN_RANGE_LOOP_ANALYSIS = YES;
				CLANG_WARN_STRICT_PROTOTYPES = YES;
				CLANG_WARN_SUSPICIOUS_MOVE = YES;
				CLANG_WARN_UNGUARDED_AVAILABILITY = YES_AGGRESSIVE;
				CLANG_WARN_UNREACHABLE_CODE = YES;
				CLANG_WARN__DUPLICATE_METHOD_MATCH = YES;
				COPY_PHASE_STRIP = NO;
				DEBUG_INFORMATION_FORMAT = "dwarf-with-dsym";
				ENABLE_NS_ASSERTIONS = NO;
				ENABLE_STRICT_OBJC_MSGSEND = YES;
				GCC_C_LANGUAGE_STANDARD = gnu11;
				GCC_NO_COMMON_BLOCKS = YES;
				GCC_WARN_64_TO_32_BIT_CONVERSION = YES;
				GCC_WARN_ABOUT_RETURN_TYPE = YES_ERROR;
				GCC_WARN_UNDECLARED_SELECTOR = YES;
				GCC_WARN_UNINITIALIZED_AUTOS = YES_AGGRESSIVE;
				GCC_WARN_UNUSED_FUNCTION = YES;
				GCC_WARN_UNUSED_VARIABLE = YES;
				IPHONEOS_DEPLOYMENT_TARGET = 15.5;
				MTL_ENABLE_DEBUG_INFO = NO;
				MTL_FAST_MATH = YES;
				SDKROOT = iphoneos;
				SWIFT_COMPILATION_MODE = wholemodule;
				SWIFT_OPTIMIZATION_LEVEL = "-O";
				VALIDATE_PRODUCT = YES;
			};
			name = Release;
		};
		8D6B39E828A9811600BF22CA /* Debug */ = {
			isa = XCBuildConfiguration;
			buildSettings = {
				ASSETCATALOG_COMPILER_APPICON_NAME = AppIcon;
				ASSETCATALOG_COMPILER_GLOBAL_ACCENT_COLOR_NAME = AccentColor;
				CODE_SIGN_STYLE = Automatic;
				CURRENT_PROJECT_VERSION = 1;
				DEVELOPMENT_TEAM = 6S5M6D9C92;
				GENERATE_INFOPLIST_FILE = YES;
				INFOPLIST_FILE = UsersInfo/Info.plist;
				INFOPLIST_KEY_UIApplicationSupportsIndirectInputEvents = YES;
				INFOPLIST_KEY_UILaunchStoryboardName = LaunchScreen;
				INFOPLIST_KEY_UISupportedInterfaceOrientations_iPad = "UIInterfaceOrientationPortrait UIInterfaceOrientationPortraitUpsideDown UIInterfaceOrientationLandscapeLeft UIInterfaceOrientationLandscapeRight";
				INFOPLIST_KEY_UISupportedInterfaceOrientations_iPhone = "UIInterfaceOrientationPortrait UIInterfaceOrientationLandscapeLeft UIInterfaceOrientationLandscapeRight";
				LD_RUNPATH_SEARCH_PATHS = (
					"$(inherited)",
					"@executable_path/Frameworks",
				);
				MARKETING_VERSION = 1.0;
				PRODUCT_BUNDLE_IDENTIFIER = com.my.UsersInfo;
				PRODUCT_NAME = "$(TARGET_NAME)";
				SWIFT_EMIT_LOC_STRINGS = YES;
				SWIFT_VERSION = 5.0;
				TARGETED_DEVICE_FAMILY = "1,2";
			};
			name = Debug;
		};
		8D6B39E928A9811600BF22CA /* Release */ = {
			isa = XCBuildConfiguration;
			buildSettings = {
				ASSETCATALOG_COMPILER_APPICON_NAME = AppIcon;
				ASSETCATALOG_COMPILER_GLOBAL_ACCENT_COLOR_NAME = AccentColor;
				CODE_SIGN_STYLE = Automatic;
				CURRENT_PROJECT_VERSION = 1;
				DEVELOPMENT_TEAM = 6S5M6D9C92;
				GENERATE_INFOPLIST_FILE = YES;
				INFOPLIST_FILE = UsersInfo/Info.plist;
				INFOPLIST_KEY_UIApplicationSupportsIndirectInputEvents = YES;
				INFOPLIST_KEY_UILaunchStoryboardName = LaunchScreen;
				INFOPLIST_KEY_UISupportedInterfaceOrientations_iPad = "UIInterfaceOrientationPortrait UIInterfaceOrientationPortraitUpsideDown UIInterfaceOrientationLandscapeLeft UIInterfaceOrientationLandscapeRight";
				INFOPLIST_KEY_UISupportedInterfaceOrientations_iPhone = "UIInterfaceOrientationPortrait UIInterfaceOrientationLandscapeLeft UIInterfaceOrientationLandscapeRight";
				LD_RUNPATH_SEARCH_PATHS = (
					"$(inherited)",
					"@executable_path/Frameworks",
				);
				MARKETING_VERSION = 1.0;
				PRODUCT_BUNDLE_IDENTIFIER = com.my.UsersInfo;
				PRODUCT_NAME = "$(TARGET_NAME)";
				SWIFT_EMIT_LOC_STRINGS = YES;
				SWIFT_VERSION = 5.0;
				TARGETED_DEVICE_FAMILY = "1,2";
			};
			name = Release;
		};
/* End XCBuildConfiguration section */

/* Begin XCConfigurationList section */
		8D6B39CB28A9811600BF22CA /* Build configuration list for PBXProject "UsersInfo" */ = {
			isa = XCConfigurationList;
			buildConfigurations = (
				8D6B39E528A9811600BF22CA /* Debug */,
				8D6B39E628A9811600BF22CA /* Release */,
			);
			defaultConfigurationIsVisible = 0;
			defaultConfigurationName = Release;
		};
		8D6B39E728A9811600BF22CA /* Build configuration list for PBXNativeTarget "UsersInfo" */ = {
			isa = XCConfigurationList;
			buildConfigurations = (
				8D6B39E828A9811600BF22CA /* Debug */,
				8D6B39E928A9811600BF22CA /* Release */,
			);
			defaultConfigurationIsVisible = 0;
			defaultConfigurationName = Release;
		};
/* End XCConfigurationList section */

/* Begin XCVersionGroup section */
		8D6B39DC28A9811600BF22CA /* UsersInfo.xcdatamodeld */ = {
			isa = XCVersionGroup;
			children = (
				8D6B39DD28A9811600BF22CA /* UsersInfo.xcdatamodel */,
			);
			currentVersion = 8D6B39DD28A9811600BF22CA /* UsersInfo.xcdatamodel */;
			path = UsersInfo.xcdatamodeld;
			sourceTree = "<group>";
			versionGroupType = wrapper.xcdatamodel;
		};
/* End XCVersionGroup section */
	};
	rootObject = 8D6B39C828A9811600BF22CA /* Project object */;
}
